//binary serach
func search(nums []int, target int) int {
    var (
        l = 0
        r = len(nums)
        m = r/2
    )

    for r >= l {
        if nums[m] == target {
            return m
        } else if nums[m] > target {
            r = m - 1
        } else {
            l = m + 1
        } 
        m = (l + r) / 2
        
    }

    return -1
}
